github.com/nazrawigedion123/dog v0.0.0-20250116151032-fed1bf338103 h1:lGkahvBc+wNvBQD9bOshNx85cJ+JJBRGVIJNu+t0Vgo=
github.com/nazrawigedion123/dog v0.0.0-20250116151032-fed1bf338103/go.mod h1:sRSnAdp7NGVMrxs185MfIP0yB0s9+IkzExvG4v2Lo4U=
github.com/nazrawigedion123/puppy v1.7.0 h1:gNkaY+2CvSBorekxydxrgDTu5FuqUgUYLWSklG7Gnw8=
github.com/nazrawigedion123/puppy v1.7.0/go.mod h1:qauGMi+fAVn+2hwuMTC2zPb6bGle3WaQiyf+zqqOZYE=
