github.com/nazrawigedion123/dog v0.0.0-20250116151032-fed1bf338103 h1:lGkahvBc+wNvBQD9bOshNx85cJ+JJBRGVIJNu+t0Vgo=
github.com/nazrawigedion123/dog v0.0.0-20250116151032-fed1bf338103/go.mod h1:sRSnAdp7NGVMrxs185MfIP0yB0s9+IkzExvG4v2Lo4U=
github.com/nazrawigedion123/puppy v0.0.0-20250116134758-400a10931b73 h1:II0eSABcuIjEmdAy5RPk9S6PWidyQRi+42MLFjCp5Z4=
github.com/nazrawigedion123/puppy v0.0.0-20250116134758-400a10931b73/go.mod h1:q2BfZKFNyOB6Nl+Xav/O0bB+SMbjtW3jyndpbPYxjyc=
github.com/nazrawigedion123/puppy v0.0.0-20250116151856-37c963f85119 h1:1AEz0J4cPhQUtSFEc7MYnlLlNPMa00GAohkJVDHb1Bk=
github.com/nazrawigedion123/puppy v0.0.0-20250116151856-37c963f85119/go.mod h1:qauGMi+fAVn+2hwuMTC2zPb6bGle3WaQiyf+zqqOZYE=
